
Microsoft Visual Studio Solution File, Format Version 12.00
# Visual Studio Version 16
VisualStudioVersion = 16.0.31424.327
MinimumVisualStudioVersion = 10.0.40219.1
Project("{FAE04EC0-301F-11D3-BF4B-00C04F79EFBC}") = "ClientCall", "ClientCall\ClientCall.csproj", "{DF187D48-1695-404A-B9A7-C76D401CC75B}"
EndProject
Global
	GlobalSection(SolutionConfigurationPlatforms) = preSolution
		Debug|Any CPU = Debug|Any CPU
		Release|Any CPU = Release|Any CPU
	EndGlobalSection
	GlobalSection(ProjectConfigurationPlatforms) = postSolution
		{DF187D48-1695-404A-B9A7-C76D401CC75B}.Debug|Any CPU.ActiveCfg = Debug|Any CPU
		{DF187D48-1695-404A-B9A7-C76D401CC75B}.Debug|Any CPU.Build.0 = Debug|Any CPU
		{DF187D48-1695-404A-B9A7-C76D401CC75B}.Release|Any CPU.ActiveCfg = Release|Any CPU
		{DF187D48-1695-404A-B9A7-C76D401CC75B}.Release|Any CPU.Build.0 = Release|Any CPU
	EndGlobalSection
	GlobalSection(SolutionProperties) = preSolution
		HideSolutionNode = FALSE
	EndGlobalSection
	GlobalSection(ExtensibilityGlobals) = postSolution
		SolutionGuid = {3ADB7854-1AF3-49D4-9069-42EE3C32F721}
	EndGlobalSection
EndGlobal
